
Microsoft Visual Studio Solution File, Format Version 12.00
# Visual Studio Version 16
VisualStudioVersion = 16.0.31424.327
MinimumVisualStudioVersion = 10.0.40219.1
Project("{2150E333-8FDC-42A3-9474-1A3956D46DE8}") = "Chuong 1 - Luu do thuat toan", "Chuong 1 - Luu do thuat toan", "{C558E204-8F37-4BDE-8B02-265EC1B57B41}"
EndProject
Project("{2150E333-8FDC-42A3-9474-1A3956D46DE8}") = "PhanBaiTapDuPhong", "PhanBaiTapDuPhong", "{D521AE78-9522-4BB2-A185-50F4D7FE7CA3}"
EndProject
Project("{9A19103F-16F7-4668-BE54-9A1E7A4F7556}") = "TONG-HOP-LY-THUYET-CO-BAN", "TONG-HOP-LY-THUYET-CO-BAN\TONG-HOP-LY-THUYET-CO-BAN.csproj", "{A46C1AE4-A14A-4C11-B73B-BECF8BA9C721}"
EndProject
Project("{2150E333-8FDC-42A3-9474-1A3956D46DE8}") = "TONG-HOP-LY-THUYET", "TONG-HOP-LY-THUYET", "{996410CB-621E-48FF-8E6D-C8421D8FF806}"
EndProject
Project("{9A19103F-16F7-4668-BE54-9A1E7A4F7556}") = "SumN", "sumN\SumN.csproj", "{028A7D33-4704-4A0C-9A47-B46E6A52B509}"
EndProject
Project("{9A19103F-16F7-4668-BE54-9A1E7A4F7556}") = "ChuongTrinhGiaiToan", "tinh s=sumbinhpuong\ChuongTrinhGiaiToan.csproj", "{47A6B8AE-9C0D-4BBB-9922-6C00D24D4F34}"
EndProject
Project("{9A19103F-16F7-4668-BE54-9A1E7A4F7556}") = "LuuDoThuatToan", "LuuDoThuatToan\LuuDoThuatToan.csproj", "{472F2F2A-20AC-49CF-BF42-A17F6E4328A0}"
EndProject
Project("{9A19103F-16F7-4668-BE54-9A1E7A4F7556}") = "phan-ly-thuyet", "PhanLyThuyet\phan-ly-thuyet.csproj", "{DDAC4AA8-789A-4E5F-A842-4407E36EAB5F}"
EndProject
Project("{9A19103F-16F7-4668-BE54-9A1E7A4F7556}") = "SynctaxStudy", "SynctaxStudy\SynctaxStudy.csproj", "{C79ADE6F-4D96-45F2-8FA8-AFE999985F5B}"
EndProject
Project("{9A19103F-16F7-4668-BE54-9A1E7A4F7556}") = "tinhphuongtrinh", "TinhPhuongTrinh\tinhphuongtrinh.csproj", "{1597636F-851C-444A-A0F0-099F844A9D5E}"
EndProject
Project("{2150E333-8FDC-42A3-9474-1A3956D46DE8}") = "Y_Nghia_Cau-Lenh_Va_Cac_ phep_Thu", "Y_Nghia_Cau-Lenh_Va_Cac_ phep_Thu", "{07B7C72C-300D-43FE-B3F0-C6C88CE2D4CD}"
EndProject
Project("{9A19103F-16F7-4668-BE54-9A1E7A4F7556}") = "cacPhepThu", "TROLAI1\cacPhepThu.csproj", "{30E076C6-5EE9-464F-9BF8-1CBB624E1AD6}"
EndProject
Project("{FAE04EC0-301F-11D3-BF4B-00C04F79EFBC}") = "yNghiaCauLenh", "ConsoleApp1\yNghiaCauLenh.csproj", "{335E17F8-8C29-4E7B-8287-348511FE3388}"
EndProject
Global
	GlobalSection(SolutionConfigurationPlatforms) = preSolution
		Debug|Any CPU = Debug|Any CPU
		Release|Any CPU = Release|Any CPU
	EndGlobalSection
	GlobalSection(ProjectConfigurationPlatforms) = postSolution
		{A46C1AE4-A14A-4C11-B73B-BECF8BA9C721}.Debug|Any CPU.ActiveCfg = Debug|Any CPU
		{A46C1AE4-A14A-4C11-B73B-BECF8BA9C721}.Debug|Any CPU.Build.0 = Debug|Any CPU
		{A46C1AE4-A14A-4C11-B73B-BECF8BA9C721}.Release|Any CPU.ActiveCfg = Release|Any CPU
		{A46C1AE4-A14A-4C11-B73B-BECF8BA9C721}.Release|Any CPU.Build.0 = Release|Any CPU
		{028A7D33-4704-4A0C-9A47-B46E6A52B509}.Debug|Any CPU.ActiveCfg = Debug|Any CPU
		{028A7D33-4704-4A0C-9A47-B46E6A52B509}.Debug|Any CPU.Build.0 = Debug|Any CPU
		{028A7D33-4704-4A0C-9A47-B46E6A52B509}.Release|Any CPU.ActiveCfg = Release|Any CPU
		{028A7D33-4704-4A0C-9A47-B46E6A52B509}.Release|Any CPU.Build.0 = Release|Any CPU
		{47A6B8AE-9C0D-4BBB-9922-6C00D24D4F34}.Debug|Any CPU.ActiveCfg = Debug|Any CPU
		{47A6B8AE-9C0D-4BBB-9922-6C00D24D4F34}.Debug|Any CPU.Build.0 = Debug|Any CPU
		{47A6B8AE-9C0D-4BBB-9922-6C00D24D4F34}.Release|Any CPU.ActiveCfg = Release|Any CPU
		{47A6B8AE-9C0D-4BBB-9922-6C00D24D4F34}.Release|Any CPU.Build.0 = Release|Any CPU
		{472F2F2A-20AC-49CF-BF42-A17F6E4328A0}.Debug|Any CPU.ActiveCfg = Debug|Any CPU
		{472F2F2A-20AC-49CF-BF42-A17F6E4328A0}.Debug|Any CPU.Build.0 = Debug|Any CPU
		{472F2F2A-20AC-49CF-BF42-A17F6E4328A0}.Release|Any CPU.ActiveCfg = Release|Any CPU
		{472F2F2A-20AC-49CF-BF42-A17F6E4328A0}.Release|Any CPU.Build.0 = Release|Any CPU
		{DDAC4AA8-789A-4E5F-A842-4407E36EAB5F}.Debug|Any CPU.ActiveCfg = Debug|Any CPU
		{DDAC4AA8-789A-4E5F-A842-4407E36EAB5F}.Debug|Any CPU.Build.0 = Debug|Any CPU
		{DDAC4AA8-789A-4E5F-A842-4407E36EAB5F}.Release|Any CPU.ActiveCfg = Release|Any CPU
		{DDAC4AA8-789A-4E5F-A842-4407E36EAB5F}.Release|Any CPU.Build.0 = Release|Any CPU
		{C79ADE6F-4D96-45F2-8FA8-AFE999985F5B}.Debug|Any CPU.ActiveCfg = Debug|Any CPU
		{C79ADE6F-4D96-45F2-8FA8-AFE999985F5B}.Debug|Any CPU.Build.0 = Debug|Any CPU
		{C79ADE6F-4D96-45F2-8FA8-AFE999985F5B}.Release|Any CPU.ActiveCfg = Release|Any CPU
		{C79ADE6F-4D96-45F2-8FA8-AFE999985F5B}.Release|Any CPU.Build.0 = Release|Any CPU
		{1597636F-851C-444A-A0F0-099F844A9D5E}.Debug|Any CPU.ActiveCfg = Debug|Any CPU
		{1597636F-851C-444A-A0F0-099F844A9D5E}.Debug|Any CPU.Build.0 = Debug|Any CPU
		{1597636F-851C-444A-A0F0-099F844A9D5E}.Release|Any CPU.ActiveCfg = Release|Any CPU
		{1597636F-851C-444A-A0F0-099F844A9D5E}.Release|Any CPU.Build.0 = Release|Any CPU
		{30E076C6-5EE9-464F-9BF8-1CBB624E1AD6}.Debug|Any CPU.ActiveCfg = Debug|Any CPU
		{30E076C6-5EE9-464F-9BF8-1CBB624E1AD6}.Debug|Any CPU.Build.0 = Debug|Any CPU
		{30E076C6-5EE9-464F-9BF8-1CBB624E1AD6}.Release|Any CPU.ActiveCfg = Release|Any CPU
		{30E076C6-5EE9-464F-9BF8-1CBB624E1AD6}.Release|Any CPU.Build.0 = Release|Any CPU
		{335E17F8-8C29-4E7B-8287-348511FE3388}.Debug|Any CPU.ActiveCfg = Debug|Any CPU
		{335E17F8-8C29-4E7B-8287-348511FE3388}.Debug|Any CPU.Build.0 = Debug|Any CPU
		{335E17F8-8C29-4E7B-8287-348511FE3388}.Release|Any CPU.ActiveCfg = Release|Any CPU
		{335E17F8-8C29-4E7B-8287-348511FE3388}.Release|Any CPU.Build.0 = Release|Any CPU
	EndGlobalSection
	GlobalSection(SolutionProperties) = preSolution
		HideSolutionNode = FALSE
	EndGlobalSection
	GlobalSection(NestedProjects) = preSolution
		{A46C1AE4-A14A-4C11-B73B-BECF8BA9C721} = {996410CB-621E-48FF-8E6D-C8421D8FF806}
		{028A7D33-4704-4A0C-9A47-B46E6A52B509} = {D521AE78-9522-4BB2-A185-50F4D7FE7CA3}
		{47A6B8AE-9C0D-4BBB-9922-6C00D24D4F34} = {D521AE78-9522-4BB2-A185-50F4D7FE7CA3}
		{472F2F2A-20AC-49CF-BF42-A17F6E4328A0} = {C558E204-8F37-4BDE-8B02-265EC1B57B41}
		{DDAC4AA8-789A-4E5F-A842-4407E36EAB5F} = {C558E204-8F37-4BDE-8B02-265EC1B57B41}
		{C79ADE6F-4D96-45F2-8FA8-AFE999985F5B} = {C558E204-8F37-4BDE-8B02-265EC1B57B41}
		{1597636F-851C-444A-A0F0-099F844A9D5E} = {D521AE78-9522-4BB2-A185-50F4D7FE7CA3}
		{30E076C6-5EE9-464F-9BF8-1CBB624E1AD6} = {07B7C72C-300D-43FE-B3F0-C6C88CE2D4CD}
		{335E17F8-8C29-4E7B-8287-348511FE3388} = {07B7C72C-300D-43FE-B3F0-C6C88CE2D4CD}
	EndGlobalSection
	GlobalSection(ExtensibilityGlobals) = postSolution
		SolutionGuid = {720AE870-E1A0-4C6D-BAC2-BF0288A6C21F}
	EndGlobalSection
EndGlobal
