
Microsoft Visual Studio Solution File, Format Version 12.00
# Visual Studio Version 16
VisualStudioVersion = 16.0.31424.327
MinimumVisualStudioVersion = 10.0.40219.1
Project("{2150E333-8FDC-42A3-9474-1A3956D46DE8}") = "Chuong 1 - Luu do thuat toan", "Chuong 1 - Luu do thuat toan", "{C558E204-8F37-4BDE-8B02-265EC1B57B41}"
EndProject
Project("{9A19103F-16F7-4668-BE54-9A1E7A4F7556}") = "LuuDoThuatToan", "LuuDoThuatToan\LuuDoThuatToan.csproj", "{472F2F2A-20AC-49CF-BF42-A17F6E4328A0}"
EndProject
Project("{2150E333-8FDC-42A3-9474-1A3956D46DE8}") = "Y_Nghia_Cau-Lenh_Va_Cac_ phep_Thu", "Y_Nghia_Cau-Lenh_Va_Cac_ phep_Thu", "{07B7C72C-300D-43FE-B3F0-C6C88CE2D4CD}"
EndProject
Project("{9A19103F-16F7-4668-BE54-9A1E7A4F7556}") = "TestFuntion", "TROLAI1\TestFuntion.csproj", "{30E076C6-5EE9-464F-9BF8-1CBB624E1AD6}"
EndProject
Project("{9A19103F-16F7-4668-BE54-9A1E7A4F7556}") = "yNghiaCauLenhTrongCShap", "ConsoleApp1\yNghiaCauLenhTrongCShap.csproj", "{335E17F8-8C29-4E7B-8287-348511FE3388}"
EndProject
Project("{9A19103F-16F7-4668-BE54-9A1E7A4F7556}") = "MatrixProgram", "CacPhepThu\MatrixProgram.csproj", "{558D435A-BEB0-49F4-827F-33E032125079}"
EndProject
Project("{9A19103F-16F7-4668-BE54-9A1E7A4F7556}") = "BaiTapTrenKteam", "BaiTapTrenKteam\BaiTapTrenKteam.csproj", "{8AA9A068-03D2-4C66-A2BC-C3CFE922A249}"
EndProject
Project("{9A19103F-16F7-4668-BE54-9A1E7A4F7556}") = "Method", "Method\Method.csproj", "{470A93E7-B5D9-412B-961B-7EEE68D0F3A8}"
EndProject
Project("{2150E333-8FDC-42A3-9474-1A3956D46DE8}") = "Chuong 2 - Mang mot chieu", "Chuong 2 - Mang mot chieu", "{0EF99258-110D-4DCC-89E2-9C231D1698B8}"
EndProject
Global
	GlobalSection(SolutionConfigurationPlatforms) = preSolution
		Debug|Any CPU = Debug|Any CPU
		Release|Any CPU = Release|Any CPU
	EndGlobalSection
	GlobalSection(ProjectConfigurationPlatforms) = postSolution
		{472F2F2A-20AC-49CF-BF42-A17F6E4328A0}.Debug|Any CPU.ActiveCfg = Debug|Any CPU
		{472F2F2A-20AC-49CF-BF42-A17F6E4328A0}.Debug|Any CPU.Build.0 = Debug|Any CPU
		{472F2F2A-20AC-49CF-BF42-A17F6E4328A0}.Release|Any CPU.ActiveCfg = Release|Any CPU
		{472F2F2A-20AC-49CF-BF42-A17F6E4328A0}.Release|Any CPU.Build.0 = Release|Any CPU
		{30E076C6-5EE9-464F-9BF8-1CBB624E1AD6}.Debug|Any CPU.ActiveCfg = Debug|Any CPU
		{30E076C6-5EE9-464F-9BF8-1CBB624E1AD6}.Debug|Any CPU.Build.0 = Debug|Any CPU
		{30E076C6-5EE9-464F-9BF8-1CBB624E1AD6}.Release|Any CPU.ActiveCfg = Release|Any CPU
		{30E076C6-5EE9-464F-9BF8-1CBB624E1AD6}.Release|Any CPU.Build.0 = Release|Any CPU
		{335E17F8-8C29-4E7B-8287-348511FE3388}.Debug|Any CPU.ActiveCfg = Debug|Any CPU
		{335E17F8-8C29-4E7B-8287-348511FE3388}.Debug|Any CPU.Build.0 = Debug|Any CPU
		{335E17F8-8C29-4E7B-8287-348511FE3388}.Release|Any CPU.ActiveCfg = Release|Any CPU
		{335E17F8-8C29-4E7B-8287-348511FE3388}.Release|Any CPU.Build.0 = Release|Any CPU
		{558D435A-BEB0-49F4-827F-33E032125079}.Debug|Any CPU.ActiveCfg = Debug|Any CPU
		{558D435A-BEB0-49F4-827F-33E032125079}.Debug|Any CPU.Build.0 = Debug|Any CPU
		{558D435A-BEB0-49F4-827F-33E032125079}.Release|Any CPU.ActiveCfg = Release|Any CPU
		{558D435A-BEB0-49F4-827F-33E032125079}.Release|Any CPU.Build.0 = Release|Any CPU
		{8AA9A068-03D2-4C66-A2BC-C3CFE922A249}.Debug|Any CPU.ActiveCfg = Debug|Any CPU
		{8AA9A068-03D2-4C66-A2BC-C3CFE922A249}.Debug|Any CPU.Build.0 = Debug|Any CPU
		{8AA9A068-03D2-4C66-A2BC-C3CFE922A249}.Release|Any CPU.ActiveCfg = Release|Any CPU
		{8AA9A068-03D2-4C66-A2BC-C3CFE922A249}.Release|Any CPU.Build.0 = Release|Any CPU
		{470A93E7-B5D9-412B-961B-7EEE68D0F3A8}.Debug|Any CPU.ActiveCfg = Debug|Any CPU
		{470A93E7-B5D9-412B-961B-7EEE68D0F3A8}.Debug|Any CPU.Build.0 = Debug|Any CPU
		{470A93E7-B5D9-412B-961B-7EEE68D0F3A8}.Release|Any CPU.ActiveCfg = Release|Any CPU
		{470A93E7-B5D9-412B-961B-7EEE68D0F3A8}.Release|Any CPU.Build.0 = Release|Any CPU
	EndGlobalSection
	GlobalSection(SolutionProperties) = preSolution
		HideSolutionNode = FALSE
	EndGlobalSection
	GlobalSection(NestedProjects) = preSolution
		{472F2F2A-20AC-49CF-BF42-A17F6E4328A0} = {C558E204-8F37-4BDE-8B02-265EC1B57B41}
		{30E076C6-5EE9-464F-9BF8-1CBB624E1AD6} = {07B7C72C-300D-43FE-B3F0-C6C88CE2D4CD}
		{335E17F8-8C29-4E7B-8287-348511FE3388} = {07B7C72C-300D-43FE-B3F0-C6C88CE2D4CD}
		{558D435A-BEB0-49F4-827F-33E032125079} = {0EF99258-110D-4DCC-89E2-9C231D1698B8}
		{8AA9A068-03D2-4C66-A2BC-C3CFE922A249} = {C558E204-8F37-4BDE-8B02-265EC1B57B41}
		{470A93E7-B5D9-412B-961B-7EEE68D0F3A8} = {C558E204-8F37-4BDE-8B02-265EC1B57B41}
	EndGlobalSection
	GlobalSection(ExtensibilityGlobals) = postSolution
		SolutionGuid = {720AE870-E1A0-4C6D-BAC2-BF0288A6C21F}
	EndGlobalSection
EndGlobal
